
Microsoft Visual Studio Solution File, Format Version 12.00
# Visual Studio 14
VisualStudioVersion = 14.0.23107.0
MinimumVisualStudioVersion = 10.0.40219.1
Project("{FAE04EC0-301F-11D3-BF4B-00C04F79EFBC}") = "WepApplication", "WepApplication\WepApplication.csproj", "{811CD407-64B0-4D9A-BEF0-896D30AD8CFF}"
EndProject
Project("{FAE04EC0-301F-11D3-BF4B-00C04F79EFBC}") = "WepApplication.Tests", "WepApplication.Tests\WepApplication.Tests.csproj", "{6D3807A7-9A32-466A-A4CE-98C079FB6ED6}"
EndProject
Global
	GlobalSection(SolutionConfigurationPlatforms) = preSolution
		Debug|Any CPU = Debug|Any CPU
		Release|Any CPU = Release|Any CPU
	EndGlobalSection
	GlobalSection(ProjectConfigurationPlatforms) = postSolution
		{811CD407-64B0-4D9A-BEF0-896D30AD8CFF}.Debug|Any CPU.ActiveCfg = Debug|Any CPU
		{811CD407-64B0-4D9A-BEF0-896D30AD8CFF}.Debug|Any CPU.Build.0 = Debug|Any CPU
		{811CD407-64B0-4D9A-BEF0-896D30AD8CFF}.Release|Any CPU.ActiveCfg = Release|Any CPU
		{811CD407-64B0-4D9A-BEF0-896D30AD8CFF}.Release|Any CPU.Build.0 = Release|Any CPU
		{6D3807A7-9A32-466A-A4CE-98C079FB6ED6}.Debug|Any CPU.ActiveCfg = Debug|Any CPU
		{6D3807A7-9A32-466A-A4CE-98C079FB6ED6}.Debug|Any CPU.Build.0 = Debug|Any CPU
		{6D3807A7-9A32-466A-A4CE-98C079FB6ED6}.Release|Any CPU.ActiveCfg = Release|Any CPU
		{6D3807A7-9A32-466A-A4CE-98C079FB6ED6}.Release|Any CPU.Build.0 = Release|Any CPU
	EndGlobalSection
	GlobalSection(SolutionProperties) = preSolution
		HideSolutionNode = FALSE
	EndGlobalSection
EndGlobal
